{
    "version": 3,
    "terraform_version": "0.11.7",
    "serial": 3,
    "lineage": "4e31880b-8eaf-33de-22eb-a10b6f103e6a",
    "modules": [
        {
            "path": [
                "root"
            ],
            "outputs": {},
            "resources": {},
            "depends_on": []
        },
        {
            "path": [
                "root",
                "azure_resource_group"
            ],
            "outputs": {},
            "resources": {
                "azurerm_resource_group.resource_group": {
                    "type": "azurerm_resource_group",
                    "depends_on": [],
                    "primary": {
                        "id": "/subscriptions/c74a7e55-a05b-4e94-8f74-0da587bbd439/resourceGroups/rg-partpay-mm",
                        "attributes": {
                            "id": "/subscriptions/c74a7e55-a05b-4e94-8f74-0da587bbd439/resourceGroups/rg-partpay-mm",
                            "location": "ukwest",
                            "name": "rg-partpay-mm",
                            "tags.%": "0"
                        },
                        "meta": {},
                        "tainted": false
                    },
                    "deposed": [],
                    "provider": "provider.azurerm"
                }
            },
            "depends_on": []
        },
        {
            "path": [
                "root",
                "azure_service_bus"
            ],
            "outputs": {},
            "resources": {
                "azurerm_servicebus_namespace.service_bus": {
                    "type": "azurerm_servicebus_namespace",
                    "depends_on": [
                        "local.resource_group_name"
                    ],
                    "primary": {
                        "id": "/subscriptions/c74a7e55-a05b-4e94-8f74-0da587bbd439/resourceGroups/rg-partpay-mm/providers/Microsoft.ServiceBus/namespaces/sb-partpay-mm",
                        "attributes": {
                            "capacity": "0",
                            "default_primary_connection_string": "Endpoint=sb://sb-partpay-mm.servicebus.windows.net/;SharedAccessKeyName=RootManageSharedAccessKey;SharedAccessKey=/FTGrUUC7lYu3vFhpP4th0/LxN9ojtaLWqSzx/WMlzA=",
                            "default_primary_key": "/FTGrUUC7lYu3vFhpP4th0/LxN9ojtaLWqSzx/WMlzA=",
                            "default_secondary_connection_string": "Endpoint=sb://sb-partpay-mm.servicebus.windows.net/;SharedAccessKeyName=RootManageSharedAccessKey;SharedAccessKey=FLIjGVanP29UJsDi3IG7zBVEkPKC3UmBEW5cUtTAscw=",
                            "default_secondary_key": "FLIjGVanP29UJsDi3IG7zBVEkPKC3UmBEW5cUtTAscw=",
                            "id": "/subscriptions/c74a7e55-a05b-4e94-8f74-0da587bbd439/resourceGroups/rg-partpay-mm/providers/Microsoft.ServiceBus/namespaces/sb-partpay-mm",
                            "location": "ukwest",
                            "name": "sb-partpay-mm",
                            "resource_group_name": "rg-partpay-mm",
                            "sku": "standard",
                            "tags.%": "0"
                        },
                        "meta": {
                            "schema_version": "1"
                        },
                        "tainted": false
                    },
                    "deposed": [],
                    "provider": "provider.azurerm"
                },
                "azurerm_servicebus_queue.auth_integration_commands": {
                    "type": "azurerm_servicebus_queue",
                    "depends_on": [
                        "azurerm_servicebus_namespace.service_bus",
                        "local.resource_group_name"
                    ],
                    "primary": {
                        "id": "/subscriptions/c74a7e55-a05b-4e94-8f74-0da587bbd439/resourceGroups/rg-partpay-mm/providers/Microsoft.ServiceBus/namespaces/sb-partpay-mm/queues/AuthIntegrationCommands",
                        "attributes": {
                            "auto_delete_on_idle": "P10675199DT2H48M5.4775807S",
                            "dead_lettering_on_message_expiration": "false",
                            "default_message_ttl": "P10675199DT2H48M5.4775807S",
                            "duplicate_detection_history_time_window": "PT10M",
                            "enable_express": "false",
                            "enable_partitioning": "false",
                            "id": "/subscriptions/c74a7e55-a05b-4e94-8f74-0da587bbd439/resourceGroups/rg-partpay-mm/providers/Microsoft.ServiceBus/namespaces/sb-partpay-mm/queues/AuthIntegrationCommands",
                            "lock_duration": "PT1M",
                            "max_size_in_megabytes": "5120",
                            "name": "AuthIntegrationCommands",
                            "namespace_name": "sb-partpay-mm",
                            "requires_duplicate_detection": "false",
                            "requires_session": "false",
                            "resource_group_name": "rg-partpay-mm"
                        },
                        "meta": {},
                        "tainted": false
                    },
                    "deposed": [],
                    "provider": "provider.azurerm"
                },
                "azurerm_servicebus_queue.commands": {
                    "type": "azurerm_servicebus_queue",
                    "depends_on": [
                        "azurerm_servicebus_namespace.service_bus",
                        "local.resource_group_name"
                    ],
                    "primary": {
                        "id": "/subscriptions/c74a7e55-a05b-4e94-8f74-0da587bbd439/resourceGroups/rg-partpay-mm/providers/Microsoft.ServiceBus/namespaces/sb-partpay-mm/queues/Commands",
                        "attributes": {
                            "auto_delete_on_idle": "P10675199DT2H48M5.4775807S",
                            "dead_lettering_on_message_expiration": "false",
                            "default_message_ttl": "P10675199DT2H48M5.4775807S",
                            "duplicate_detection_history_time_window": "PT10M",
                            "enable_express": "false",
                            "enable_partitioning": "false",
                            "id": "/subscriptions/c74a7e55-a05b-4e94-8f74-0da587bbd439/resourceGroups/rg-partpay-mm/providers/Microsoft.ServiceBus/namespaces/sb-partpay-mm/queues/Commands",
                            "lock_duration": "PT1M",
                            "max_size_in_megabytes": "5120",
                            "name": "Commands",
                            "namespace_name": "sb-partpay-mm",
                            "requires_duplicate_detection": "false",
                            "requires_session": "false",
                            "resource_group_name": "rg-partpay-mm"
                        },
                        "meta": {},
                        "tainted": false
                    },
                    "deposed": [],
                    "provider": "provider.azurerm"
                },
                "azurerm_servicebus_queue.merchant_integration_commands": {
                    "type": "azurerm_servicebus_queue",
                    "depends_on": [
                        "azurerm_servicebus_namespace.service_bus",
                        "local.resource_group_name"
                    ],
                    "primary": {
                        "id": "/subscriptions/c74a7e55-a05b-4e94-8f74-0da587bbd439/resourceGroups/rg-partpay-mm/providers/Microsoft.ServiceBus/namespaces/sb-partpay-mm/queues/MerchantIntegrationCommands",
                        "attributes": {
                            "auto_delete_on_idle": "P10675199DT2H48M5.4775807S",
                            "dead_lettering_on_message_expiration": "false",
                            "default_message_ttl": "P10675199DT2H48M5.4775807S",
                            "duplicate_detection_history_time_window": "PT10M",
                            "enable_express": "false",
                            "enable_partitioning": "false",
                            "id": "/subscriptions/c74a7e55-a05b-4e94-8f74-0da587bbd439/resourceGroups/rg-partpay-mm/providers/Microsoft.ServiceBus/namespaces/sb-partpay-mm/queues/MerchantIntegrationCommands",
                            "lock_duration": "PT1M",
                            "max_size_in_megabytes": "5120",
                            "name": "MerchantIntegrationCommands",
                            "namespace_name": "sb-partpay-mm",
                            "requires_duplicate_detection": "false",
                            "requires_session": "false",
                            "resource_group_name": "rg-partpay-mm"
                        },
                        "meta": {},
                        "tainted": false
                    },
                    "deposed": [],
                    "provider": "provider.azurerm"
                },
                "azurerm_servicebus_queue.xero_commands": {
                    "type": "azurerm_servicebus_queue",
                    "depends_on": [
                        "azurerm_servicebus_namespace.service_bus",
                        "local.resource_group_name"
                    ],
                    "primary": {
                        "id": "/subscriptions/c74a7e55-a05b-4e94-8f74-0da587bbd439/resourceGroups/rg-partpay-mm/providers/Microsoft.ServiceBus/namespaces/sb-partpay-mm/queues/XeroCommands",
                        "attributes": {
                            "auto_delete_on_idle": "P10675199DT2H48M5.4775807S",
                            "dead_lettering_on_message_expiration": "false",
                            "default_message_ttl": "P10675199DT2H48M5.4775807S",
                            "duplicate_detection_history_time_window": "PT10M",
                            "enable_express": "false",
                            "enable_partitioning": "false",
                            "id": "/subscriptions/c74a7e55-a05b-4e94-8f74-0da587bbd439/resourceGroups/rg-partpay-mm/providers/Microsoft.ServiceBus/namespaces/sb-partpay-mm/queues/XeroCommands",
                            "lock_duration": "PT1M",
                            "max_size_in_megabytes": "5120",
                            "name": "XeroCommands",
                            "namespace_name": "sb-partpay-mm",
                            "requires_duplicate_detection": "false",
                            "requires_session": "false",
                            "resource_group_name": "rg-partpay-mm"
                        },
                        "meta": {},
                        "tainted": false
                    },
                    "deposed": [],
                    "provider": "provider.azurerm"
                },
                "azurerm_servicebus_queue.zoho_commands": {
                    "type": "azurerm_servicebus_queue",
                    "depends_on": [
                        "azurerm_servicebus_namespace.service_bus",
                        "local.resource_group_name"
                    ],
                    "primary": {
                        "id": "/subscriptions/c74a7e55-a05b-4e94-8f74-0da587bbd439/resourceGroups/rg-partpay-mm/providers/Microsoft.ServiceBus/namespaces/sb-partpay-mm/queues/ZohoCommands",
                        "attributes": {
                            "auto_delete_on_idle": "P10675199DT2H48M5.4775807S",
                            "dead_lettering_on_message_expiration": "false",
                            "default_message_ttl": "P10675199DT2H48M5.4775807S",
                            "duplicate_detection_history_time_window": "PT10M",
                            "enable_express": "false",
                            "enable_partitioning": "false",
                            "id": "/subscriptions/c74a7e55-a05b-4e94-8f74-0da587bbd439/resourceGroups/rg-partpay-mm/providers/Microsoft.ServiceBus/namespaces/sb-partpay-mm/queues/ZohoCommands",
                            "lock_duration": "PT1M",
                            "max_size_in_megabytes": "5120",
                            "name": "ZohoCommands",
                            "namespace_name": "sb-partpay-mm",
                            "requires_duplicate_detection": "false",
                            "requires_session": "false",
                            "resource_group_name": "rg-partpay-mm"
                        },
                        "meta": {},
                        "tainted": false
                    },
                    "deposed": [],
                    "provider": "provider.azurerm"
                },
                "azurerm_servicebus_subscription.authentication_integration_event_handlers": {
                    "type": "azurerm_servicebus_subscription",
                    "depends_on": [
                        "azurerm_servicebus_namespace.service_bus",
                        "azurerm_servicebus_topic.domain",
                        "local.resource_group_name"
                    ],
                    "primary": {
                        "id": "/subscriptions/c74a7e55-a05b-4e94-8f74-0da587bbd439/resourceGroups/rg-partpay-mm/providers/Microsoft.ServiceBus/namespaces/sb-partpay-mm/topics/Domain/subscriptions/AuthIntegrationEventHandlers",
                        "attributes": {
                            "auto_delete_on_idle": "P10675199DT2H48M5.4775807S",
                            "dead_lettering_on_message_expiration": "false",
                            "default_message_ttl": "P10675199DT2H48M5.4775807S",
                            "enable_batched_operations": "false",
                            "forward_to": "",
                            "id": "/subscriptions/c74a7e55-a05b-4e94-8f74-0da587bbd439/resourceGroups/rg-partpay-mm/providers/Microsoft.ServiceBus/namespaces/sb-partpay-mm/topics/Domain/subscriptions/AuthIntegrationEventHandlers",
                            "lock_duration": "PT1M",
                            "max_delivery_count": "10",
                            "name": "AuthIntegrationEventHandlers",
                            "namespace_name": "sb-partpay-mm",
                            "requires_session": "false",
                            "resource_group_name": "rg-partpay-mm",
                            "topic_name": "Domain"
                        },
                        "meta": {},
                        "tainted": false
                    },
                    "deposed": [],
                    "provider": "provider.azurerm"
                },
                "azurerm_servicebus_subscription.event_handlers": {
                    "type": "azurerm_servicebus_subscription",
                    "depends_on": [
                        "azurerm_servicebus_namespace.service_bus",
                        "azurerm_servicebus_topic.domain",
                        "local.resource_group_name"
                    ],
                    "primary": {
                        "id": "/subscriptions/c74a7e55-a05b-4e94-8f74-0da587bbd439/resourceGroups/rg-partpay-mm/providers/Microsoft.ServiceBus/namespaces/sb-partpay-mm/topics/Domain/subscriptions/EventHandlers",
                        "attributes": {
                            "auto_delete_on_idle": "P10675199DT2H48M5.4775807S",
                            "dead_lettering_on_message_expiration": "false",
                            "default_message_ttl": "P10675199DT2H48M5.4775807S",
                            "enable_batched_operations": "false",
                            "forward_to": "",
                            "id": "/subscriptions/c74a7e55-a05b-4e94-8f74-0da587bbd439/resourceGroups/rg-partpay-mm/providers/Microsoft.ServiceBus/namespaces/sb-partpay-mm/topics/Domain/subscriptions/EventHandlers",
                            "lock_duration": "PT1M",
                            "max_delivery_count": "10",
                            "name": "EventHandlers",
                            "namespace_name": "sb-partpay-mm",
                            "requires_session": "false",
                            "resource_group_name": "rg-partpay-mm",
                            "topic_name": "Domain"
                        },
                        "meta": {},
                        "tainted": false
                    },
                    "deposed": [],
                    "provider": "provider.azurerm"
                },
                "azurerm_servicebus_subscription.merchant_integration_event_handlers": {
                    "type": "azurerm_servicebus_subscription",
                    "depends_on": [
                        "azurerm_servicebus_namespace.service_bus",
                        "azurerm_servicebus_topic.domain",
                        "local.resource_group_name"
                    ],
                    "primary": {
                        "id": "/subscriptions/c74a7e55-a05b-4e94-8f74-0da587bbd439/resourceGroups/rg-partpay-mm/providers/Microsoft.ServiceBus/namespaces/sb-partpay-mm/topics/Domain/subscriptions/MerchantIntegrationEventHandlers",
                        "attributes": {
                            "auto_delete_on_idle": "P10675199DT2H48M5.4775807S",
                            "dead_lettering_on_message_expiration": "false",
                            "default_message_ttl": "P10675199DT2H48M5.4775807S",
                            "enable_batched_operations": "false",
                            "forward_to": "",
                            "id": "/subscriptions/c74a7e55-a05b-4e94-8f74-0da587bbd439/resourceGroups/rg-partpay-mm/providers/Microsoft.ServiceBus/namespaces/sb-partpay-mm/topics/Domain/subscriptions/MerchantIntegrationEventHandlers",
                            "lock_duration": "PT1M",
                            "max_delivery_count": "10",
                            "name": "MerchantIntegrationEventHandlers",
                            "namespace_name": "sb-partpay-mm",
                            "requires_session": "false",
                            "resource_group_name": "rg-partpay-mm",
                            "topic_name": "Domain"
                        },
                        "meta": {},
                        "tainted": false
                    },
                    "deposed": [],
                    "provider": "provider.azurerm"
                },
                "azurerm_servicebus_subscription.xero_integration_event_handlers": {
                    "type": "azurerm_servicebus_subscription",
                    "depends_on": [
                        "azurerm_servicebus_namespace.service_bus",
                        "azurerm_servicebus_topic.domain",
                        "local.resource_group_name"
                    ],
                    "primary": {
                        "id": "/subscriptions/c74a7e55-a05b-4e94-8f74-0da587bbd439/resourceGroups/rg-partpay-mm/providers/Microsoft.ServiceBus/namespaces/sb-partpay-mm/topics/Domain/subscriptions/XeroIntegrationEventHandlers",
                        "attributes": {
                            "auto_delete_on_idle": "P10675199DT2H48M5.4775807S",
                            "dead_lettering_on_message_expiration": "false",
                            "default_message_ttl": "P10675199DT2H48M5.4775807S",
                            "enable_batched_operations": "false",
                            "forward_to": "",
                            "id": "/subscriptions/c74a7e55-a05b-4e94-8f74-0da587bbd439/resourceGroups/rg-partpay-mm/providers/Microsoft.ServiceBus/namespaces/sb-partpay-mm/topics/Domain/subscriptions/XeroIntegrationEventHandlers",
                            "lock_duration": "PT1M",
                            "max_delivery_count": "10",
                            "name": "XeroIntegrationEventHandlers",
                            "namespace_name": "sb-partpay-mm",
                            "requires_session": "false",
                            "resource_group_name": "rg-partpay-mm",
                            "topic_name": "Domain"
                        },
                        "meta": {},
                        "tainted": false
                    },
                    "deposed": [],
                    "provider": "provider.azurerm"
                },
                "azurerm_servicebus_subscription.zoho_integration_event_handlers": {
                    "type": "azurerm_servicebus_subscription",
                    "depends_on": [
                        "azurerm_servicebus_namespace.service_bus",
                        "azurerm_servicebus_topic.domain",
                        "local.resource_group_name"
                    ],
                    "primary": {
                        "id": "/subscriptions/c74a7e55-a05b-4e94-8f74-0da587bbd439/resourceGroups/rg-partpay-mm/providers/Microsoft.ServiceBus/namespaces/sb-partpay-mm/topics/Domain/subscriptions/ZohoIntegrationEventHandlers",
                        "attributes": {
                            "auto_delete_on_idle": "P10675199DT2H48M5.4775807S",
                            "dead_lettering_on_message_expiration": "false",
                            "default_message_ttl": "P10675199DT2H48M5.4775807S",
                            "enable_batched_operations": "false",
                            "forward_to": "",
                            "id": "/subscriptions/c74a7e55-a05b-4e94-8f74-0da587bbd439/resourceGroups/rg-partpay-mm/providers/Microsoft.ServiceBus/namespaces/sb-partpay-mm/topics/Domain/subscriptions/ZohoIntegrationEventHandlers",
                            "lock_duration": "PT1M",
                            "max_delivery_count": "10",
                            "name": "ZohoIntegrationEventHandlers",
                            "namespace_name": "sb-partpay-mm",
                            "requires_session": "false",
                            "resource_group_name": "rg-partpay-mm",
                            "topic_name": "Domain"
                        },
                        "meta": {},
                        "tainted": false
                    },
                    "deposed": [],
                    "provider": "provider.azurerm"
                },
                "azurerm_servicebus_topic.domain": {
                    "type": "azurerm_servicebus_topic",
                    "depends_on": [
                        "azurerm_servicebus_namespace.service_bus",
                        "local.resource_group_name"
                    ],
                    "primary": {
                        "id": "/subscriptions/c74a7e55-a05b-4e94-8f74-0da587bbd439/resourceGroups/rg-partpay-mm/providers/Microsoft.ServiceBus/namespaces/sb-partpay-mm/topics/Domain",
                        "attributes": {
                            "auto_delete_on_idle": "P10675199DT2H48M5.4775807S",
                            "default_message_ttl": "P10675199DT2H48M5.4775807S",
                            "duplicate_detection_history_time_window": "PT10M",
                            "enable_batched_operations": "false",
                            "enable_express": "false",
                            "enable_partitioning": "false",
                            "id": "/subscriptions/c74a7e55-a05b-4e94-8f74-0da587bbd439/resourceGroups/rg-partpay-mm/providers/Microsoft.ServiceBus/namespaces/sb-partpay-mm/topics/Domain",
                            "max_size_in_megabytes": "5120",
                            "name": "Domain",
                            "namespace_name": "sb-partpay-mm",
                            "requires_duplicate_detection": "false",
                            "resource_group_name": "rg-partpay-mm",
                            "status": "Active",
                            "support_ordering": "false"
                        },
                        "meta": {},
                        "tainted": false
                    },
                    "deposed": [],
                    "provider": "provider.azurerm"
                }
            },
            "depends_on": []
        }
    ]
}
